
Microsoft Visual Studio Solution File, Format Version 12.00
# Visual Studio 15
VisualStudioVersion = 15.0.27130.2027
MinimumVisualStudioVersion = 10.0.40219.1
Project("{9A19103F-16F7-4668-BE54-9A1E7A4F7556}") = "Spellthief", "Spellthief\Spellthief.csproj", "{8BCE436F-E67E-4833-9D4B-680DB8FB74B9}"
EndProject
Project("{8BC9CEB8-8B4A-11D0-8D11-00A0C91BC942}") = "Katarina", "Katarina\Katarina.vcxproj", "{E1682068-3B29-41D1-BCFD-5C162118633C}"
EndProject
Project("{9A19103F-16F7-4668-BE54-9A1E7A4F7556}") = "Hextech.LeagueClient", "Hextech.LeagueClient\Hextech.LeagueClient.csproj", "{6E1EAFF2-93D4-4C0B-849D-3D563C66A499}"
EndProject
Project("{9A19103F-16F7-4668-BE54-9A1E7A4F7556}") = "Hextech.LeagueClient.Test", "Hextech.LeagueClient.Test\Hextech.LeagueClient.Test.csproj", "{83DF18B8-12E7-4C3C-BE27-DAD98956CEEB}"
EndProject
Project("{9A19103F-16F7-4668-BE54-9A1E7A4F7556}") = "Jinx.Core", "Jinx.Core\Jinx.Core.csproj", "{73E6BF2D-EB1F-409B-A0C8-147791620126}"
EndProject
Project("{9A19103F-16F7-4668-BE54-9A1E7A4F7556}") = "Jinx.CLI", "Jinx.CLI\Jinx.CLI.csproj", "{396FB60F-3FCE-4E0F-B523-2E4D3E7D56EF}"
EndProject
Global
	GlobalSection(SolutionConfigurationPlatforms) = preSolution
		Debug|Any CPU = Debug|Any CPU
		Debug|x64 = Debug|x64
		Debug|x86 = Debug|x86
		Release|Any CPU = Release|Any CPU
		Release|x64 = Release|x64
		Release|x86 = Release|x86
	EndGlobalSection
	GlobalSection(ProjectConfigurationPlatforms) = postSolution
		{8BCE436F-E67E-4833-9D4B-680DB8FB74B9}.Debug|Any CPU.ActiveCfg = Debug|Any CPU
		{8BCE436F-E67E-4833-9D4B-680DB8FB74B9}.Debug|Any CPU.Build.0 = Debug|Any CPU
		{8BCE436F-E67E-4833-9D4B-680DB8FB74B9}.Debug|x64.ActiveCfg = Debug|Any CPU
		{8BCE436F-E67E-4833-9D4B-680DB8FB74B9}.Debug|x64.Build.0 = Debug|Any CPU
		{8BCE436F-E67E-4833-9D4B-680DB8FB74B9}.Debug|x86.ActiveCfg = Debug|Any CPU
		{8BCE436F-E67E-4833-9D4B-680DB8FB74B9}.Debug|x86.Build.0 = Debug|Any CPU
		{8BCE436F-E67E-4833-9D4B-680DB8FB74B9}.Release|Any CPU.ActiveCfg = Release|Any CPU
		{8BCE436F-E67E-4833-9D4B-680DB8FB74B9}.Release|Any CPU.Build.0 = Release|Any CPU
		{8BCE436F-E67E-4833-9D4B-680DB8FB74B9}.Release|x64.ActiveCfg = Release|Any CPU
		{8BCE436F-E67E-4833-9D4B-680DB8FB74B9}.Release|x64.Build.0 = Release|Any CPU
		{8BCE436F-E67E-4833-9D4B-680DB8FB74B9}.Release|x86.ActiveCfg = Release|Any CPU
		{8BCE436F-E67E-4833-9D4B-680DB8FB74B9}.Release|x86.Build.0 = Release|Any CPU
		{E1682068-3B29-41D1-BCFD-5C162118633C}.Debug|Any CPU.ActiveCfg = Debug|Win32
		{E1682068-3B29-41D1-BCFD-5C162118633C}.Debug|Any CPU.Build.0 = Debug|Win32
		{E1682068-3B29-41D1-BCFD-5C162118633C}.Debug|x64.ActiveCfg = Debug|Win32
		{E1682068-3B29-41D1-BCFD-5C162118633C}.Debug|x64.Build.0 = Debug|Win32
		{E1682068-3B29-41D1-BCFD-5C162118633C}.Debug|x86.ActiveCfg = Debug|Win32
		{E1682068-3B29-41D1-BCFD-5C162118633C}.Debug|x86.Build.0 = Debug|Win32
		{E1682068-3B29-41D1-BCFD-5C162118633C}.Release|Any CPU.ActiveCfg = Release|Win32
		{E1682068-3B29-41D1-BCFD-5C162118633C}.Release|Any CPU.Build.0 = Release|Win32
		{E1682068-3B29-41D1-BCFD-5C162118633C}.Release|x64.ActiveCfg = Release|Win32
		{E1682068-3B29-41D1-BCFD-5C162118633C}.Release|x64.Build.0 = Release|Win32
		{E1682068-3B29-41D1-BCFD-5C162118633C}.Release|x86.ActiveCfg = Release|Win32
		{E1682068-3B29-41D1-BCFD-5C162118633C}.Release|x86.Build.0 = Release|Win32
		{6E1EAFF2-93D4-4C0B-849D-3D563C66A499}.Debug|Any CPU.ActiveCfg = Debug|Any CPU
		{6E1EAFF2-93D4-4C0B-849D-3D563C66A499}.Debug|Any CPU.Build.0 = Debug|Any CPU
		{6E1EAFF2-93D4-4C0B-849D-3D563C66A499}.Debug|x64.ActiveCfg = Debug|Any CPU
		{6E1EAFF2-93D4-4C0B-849D-3D563C66A499}.Debug|x64.Build.0 = Debug|Any CPU
		{6E1EAFF2-93D4-4C0B-849D-3D563C66A499}.Debug|x86.ActiveCfg = Debug|Any CPU
		{6E1EAFF2-93D4-4C0B-849D-3D563C66A499}.Debug|x86.Build.0 = Debug|Any CPU
		{6E1EAFF2-93D4-4C0B-849D-3D563C66A499}.Release|Any CPU.ActiveCfg = Release|Any CPU
		{6E1EAFF2-93D4-4C0B-849D-3D563C66A499}.Release|Any CPU.Build.0 = Release|Any CPU
		{6E1EAFF2-93D4-4C0B-849D-3D563C66A499}.Release|x64.ActiveCfg = Release|Any CPU
		{6E1EAFF2-93D4-4C0B-849D-3D563C66A499}.Release|x64.Build.0 = Release|Any CPU
		{6E1EAFF2-93D4-4C0B-849D-3D563C66A499}.Release|x86.ActiveCfg = Release|Any CPU
		{6E1EAFF2-93D4-4C0B-849D-3D563C66A499}.Release|x86.Build.0 = Release|Any CPU
		{83DF18B8-12E7-4C3C-BE27-DAD98956CEEB}.Debug|Any CPU.ActiveCfg = Debug|Any CPU
		{83DF18B8-12E7-4C3C-BE27-DAD98956CEEB}.Debug|Any CPU.Build.0 = Debug|Any CPU
		{83DF18B8-12E7-4C3C-BE27-DAD98956CEEB}.Debug|x64.ActiveCfg = Debug|Any CPU
		{83DF18B8-12E7-4C3C-BE27-DAD98956CEEB}.Debug|x64.Build.0 = Debug|Any CPU
		{83DF18B8-12E7-4C3C-BE27-DAD98956CEEB}.Debug|x86.ActiveCfg = Debug|Any CPU
		{83DF18B8-12E7-4C3C-BE27-DAD98956CEEB}.Debug|x86.Build.0 = Debug|Any CPU
		{83DF18B8-12E7-4C3C-BE27-DAD98956CEEB}.Release|Any CPU.ActiveCfg = Release|Any CPU
		{83DF18B8-12E7-4C3C-BE27-DAD98956CEEB}.Release|Any CPU.Build.0 = Release|Any CPU
		{83DF18B8-12E7-4C3C-BE27-DAD98956CEEB}.Release|x64.ActiveCfg = Release|Any CPU
		{83DF18B8-12E7-4C3C-BE27-DAD98956CEEB}.Release|x64.Build.0 = Release|Any CPU
		{83DF18B8-12E7-4C3C-BE27-DAD98956CEEB}.Release|x86.ActiveCfg = Release|Any CPU
		{83DF18B8-12E7-4C3C-BE27-DAD98956CEEB}.Release|x86.Build.0 = Release|Any CPU
		{73E6BF2D-EB1F-409B-A0C8-147791620126}.Debug|Any CPU.ActiveCfg = Debug|Any CPU
		{73E6BF2D-EB1F-409B-A0C8-147791620126}.Debug|Any CPU.Build.0 = Debug|Any CPU
		{73E6BF2D-EB1F-409B-A0C8-147791620126}.Debug|x64.ActiveCfg = Debug|Any CPU
		{73E6BF2D-EB1F-409B-A0C8-147791620126}.Debug|x64.Build.0 = Debug|Any CPU
		{73E6BF2D-EB1F-409B-A0C8-147791620126}.Debug|x86.ActiveCfg = Debug|Any CPU
		{73E6BF2D-EB1F-409B-A0C8-147791620126}.Debug|x86.Build.0 = Debug|Any CPU
		{73E6BF2D-EB1F-409B-A0C8-147791620126}.Release|Any CPU.ActiveCfg = Release|Any CPU
		{73E6BF2D-EB1F-409B-A0C8-147791620126}.Release|Any CPU.Build.0 = Release|Any CPU
		{73E6BF2D-EB1F-409B-A0C8-147791620126}.Release|x64.ActiveCfg = Release|Any CPU
		{73E6BF2D-EB1F-409B-A0C8-147791620126}.Release|x64.Build.0 = Release|Any CPU
		{73E6BF2D-EB1F-409B-A0C8-147791620126}.Release|x86.ActiveCfg = Release|Any CPU
		{73E6BF2D-EB1F-409B-A0C8-147791620126}.Release|x86.Build.0 = Release|Any CPU
		{396FB60F-3FCE-4E0F-B523-2E4D3E7D56EF}.Debug|Any CPU.ActiveCfg = Debug|Any CPU
		{396FB60F-3FCE-4E0F-B523-2E4D3E7D56EF}.Debug|Any CPU.Build.0 = Debug|Any CPU
		{396FB60F-3FCE-4E0F-B523-2E4D3E7D56EF}.Debug|x64.ActiveCfg = Debug|Any CPU
		{396FB60F-3FCE-4E0F-B523-2E4D3E7D56EF}.Debug|x64.Build.0 = Debug|Any CPU
		{396FB60F-3FCE-4E0F-B523-2E4D3E7D56EF}.Debug|x86.ActiveCfg = Debug|Any CPU
		{396FB60F-3FCE-4E0F-B523-2E4D3E7D56EF}.Debug|x86.Build.0 = Debug|Any CPU
		{396FB60F-3FCE-4E0F-B523-2E4D3E7D56EF}.Release|Any CPU.ActiveCfg = Release|Any CPU
		{396FB60F-3FCE-4E0F-B523-2E4D3E7D56EF}.Release|Any CPU.Build.0 = Release|Any CPU
		{396FB60F-3FCE-4E0F-B523-2E4D3E7D56EF}.Release|x64.ActiveCfg = Release|Any CPU
		{396FB60F-3FCE-4E0F-B523-2E4D3E7D56EF}.Release|x64.Build.0 = Release|Any CPU
		{396FB60F-3FCE-4E0F-B523-2E4D3E7D56EF}.Release|x86.ActiveCfg = Release|Any CPU
		{396FB60F-3FCE-4E0F-B523-2E4D3E7D56EF}.Release|x86.Build.0 = Release|Any CPU
	EndGlobalSection
	GlobalSection(SolutionProperties) = preSolution
		HideSolutionNode = FALSE
	EndGlobalSection
	GlobalSection(ExtensibilityGlobals) = postSolution
		SolutionGuid = {4A5B0016-34FE-4042-A528-9ADBAFB50A84}
	EndGlobalSection
EndGlobal
