
Microsoft Visual Studio Solution File, Format Version 12.00
# Visual Studio 15
VisualStudioVersion = 15.0.27130.2027
MinimumVisualStudioVersion = 10.0.40219.1
Project("{9A19103F-16F7-4668-BE54-9A1E7A4F7556}") = "Spellthief", "Spellthief\Spellthief.csproj", "{8BCE436F-E67E-4833-9D4B-680DB8FB74B9}"
EndProject
Project("{8BC9CEB8-8B4A-11D0-8D11-00A0C91BC942}") = "Katarina", "Katarina\Katarina.vcxproj", "{E1682068-3B29-41D1-BCFD-5C162118633C}"
EndProject
Project("{9A19103F-16F7-4668-BE54-9A1E7A4F7556}") = "Xayah", "Xayah\Xayah.csproj", "{7D220B78-87B1-48C1-B577-3052C7A8D776}"
EndProject
Project("{9A19103F-16F7-4668-BE54-9A1E7A4F7556}") = "Ahri", "Ahri\Ahri.csproj", "{4F6B3478-5E39-4F61-95B6-954B925702D2}"
EndProject
Project("{FAE04EC0-301F-11D3-BF4B-00C04F79EFBC}") = "Ahri.Tests", "Ahri.Tests\Ahri.Tests.csproj", "{70DD06C5-673F-4AD8-B474-E9BD9864FEA4}"
EndProject
Global
	GlobalSection(SolutionConfigurationPlatforms) = preSolution
		Debug|Any CPU = Debug|Any CPU
		Debug|x64 = Debug|x64
		Debug|x86 = Debug|x86
		Release|Any CPU = Release|Any CPU
		Release|x64 = Release|x64
		Release|x86 = Release|x86
	EndGlobalSection
	GlobalSection(ProjectConfigurationPlatforms) = postSolution
		{8BCE436F-E67E-4833-9D4B-680DB8FB74B9}.Debug|Any CPU.ActiveCfg = Debug|Any CPU
		{8BCE436F-E67E-4833-9D4B-680DB8FB74B9}.Debug|Any CPU.Build.0 = Debug|Any CPU
		{8BCE436F-E67E-4833-9D4B-680DB8FB74B9}.Debug|x64.ActiveCfg = Debug|Any CPU
		{8BCE436F-E67E-4833-9D4B-680DB8FB74B9}.Debug|x64.Build.0 = Debug|Any CPU
		{8BCE436F-E67E-4833-9D4B-680DB8FB74B9}.Debug|x86.ActiveCfg = Debug|Any CPU
		{8BCE436F-E67E-4833-9D4B-680DB8FB74B9}.Debug|x86.Build.0 = Debug|Any CPU
		{8BCE436F-E67E-4833-9D4B-680DB8FB74B9}.Release|Any CPU.ActiveCfg = Release|Any CPU
		{8BCE436F-E67E-4833-9D4B-680DB8FB74B9}.Release|Any CPU.Build.0 = Release|Any CPU
		{8BCE436F-E67E-4833-9D4B-680DB8FB74B9}.Release|x64.ActiveCfg = Release|Any CPU
		{8BCE436F-E67E-4833-9D4B-680DB8FB74B9}.Release|x64.Build.0 = Release|Any CPU
		{8BCE436F-E67E-4833-9D4B-680DB8FB74B9}.Release|x86.ActiveCfg = Release|Any CPU
		{8BCE436F-E67E-4833-9D4B-680DB8FB74B9}.Release|x86.Build.0 = Release|Any CPU
		{E1682068-3B29-41D1-BCFD-5C162118633C}.Debug|Any CPU.ActiveCfg = Debug|Win32
		{E1682068-3B29-41D1-BCFD-5C162118633C}.Debug|Any CPU.Build.0 = Debug|Win32
		{E1682068-3B29-41D1-BCFD-5C162118633C}.Debug|x64.ActiveCfg = Debug|Win32
		{E1682068-3B29-41D1-BCFD-5C162118633C}.Debug|x64.Build.0 = Debug|Win32
		{E1682068-3B29-41D1-BCFD-5C162118633C}.Debug|x86.ActiveCfg = Debug|Win32
		{E1682068-3B29-41D1-BCFD-5C162118633C}.Debug|x86.Build.0 = Debug|Win32
		{E1682068-3B29-41D1-BCFD-5C162118633C}.Release|Any CPU.ActiveCfg = Release|Win32
		{E1682068-3B29-41D1-BCFD-5C162118633C}.Release|Any CPU.Build.0 = Release|Win32
		{E1682068-3B29-41D1-BCFD-5C162118633C}.Release|x64.ActiveCfg = Release|Win32
		{E1682068-3B29-41D1-BCFD-5C162118633C}.Release|x64.Build.0 = Release|Win32
		{E1682068-3B29-41D1-BCFD-5C162118633C}.Release|x86.ActiveCfg = Release|Win32
		{E1682068-3B29-41D1-BCFD-5C162118633C}.Release|x86.Build.0 = Release|Win32
		{7D220B78-87B1-48C1-B577-3052C7A8D776}.Debug|Any CPU.ActiveCfg = Debug|Any CPU
		{7D220B78-87B1-48C1-B577-3052C7A8D776}.Debug|Any CPU.Build.0 = Debug|Any CPU
		{7D220B78-87B1-48C1-B577-3052C7A8D776}.Debug|x64.ActiveCfg = Debug|Any CPU
		{7D220B78-87B1-48C1-B577-3052C7A8D776}.Debug|x64.Build.0 = Debug|Any CPU
		{7D220B78-87B1-48C1-B577-3052C7A8D776}.Debug|x86.ActiveCfg = Debug|Any CPU
		{7D220B78-87B1-48C1-B577-3052C7A8D776}.Debug|x86.Build.0 = Debug|Any CPU
		{7D220B78-87B1-48C1-B577-3052C7A8D776}.Release|Any CPU.ActiveCfg = Release|Any CPU
		{7D220B78-87B1-48C1-B577-3052C7A8D776}.Release|Any CPU.Build.0 = Release|Any CPU
		{7D220B78-87B1-48C1-B577-3052C7A8D776}.Release|x64.ActiveCfg = Release|Any CPU
		{7D220B78-87B1-48C1-B577-3052C7A8D776}.Release|x64.Build.0 = Release|Any CPU
		{7D220B78-87B1-48C1-B577-3052C7A8D776}.Release|x86.ActiveCfg = Release|Any CPU
		{7D220B78-87B1-48C1-B577-3052C7A8D776}.Release|x86.Build.0 = Release|Any CPU
		{4F6B3478-5E39-4F61-95B6-954B925702D2}.Debug|Any CPU.ActiveCfg = Debug|Any CPU
		{4F6B3478-5E39-4F61-95B6-954B925702D2}.Debug|Any CPU.Build.0 = Debug|Any CPU
		{4F6B3478-5E39-4F61-95B6-954B925702D2}.Debug|x64.ActiveCfg = Debug|Any CPU
		{4F6B3478-5E39-4F61-95B6-954B925702D2}.Debug|x64.Build.0 = Debug|Any CPU
		{4F6B3478-5E39-4F61-95B6-954B925702D2}.Debug|x86.ActiveCfg = Debug|Any CPU
		{4F6B3478-5E39-4F61-95B6-954B925702D2}.Debug|x86.Build.0 = Debug|Any CPU
		{4F6B3478-5E39-4F61-95B6-954B925702D2}.Release|Any CPU.ActiveCfg = Release|Any CPU
		{4F6B3478-5E39-4F61-95B6-954B925702D2}.Release|Any CPU.Build.0 = Release|Any CPU
		{4F6B3478-5E39-4F61-95B6-954B925702D2}.Release|x64.ActiveCfg = Release|Any CPU
		{4F6B3478-5E39-4F61-95B6-954B925702D2}.Release|x64.Build.0 = Release|Any CPU
		{4F6B3478-5E39-4F61-95B6-954B925702D2}.Release|x86.ActiveCfg = Release|Any CPU
		{4F6B3478-5E39-4F61-95B6-954B925702D2}.Release|x86.Build.0 = Release|Any CPU
		{70DD06C5-673F-4AD8-B474-E9BD9864FEA4}.Debug|Any CPU.ActiveCfg = Debug|Any CPU
		{70DD06C5-673F-4AD8-B474-E9BD9864FEA4}.Debug|Any CPU.Build.0 = Debug|Any CPU
		{70DD06C5-673F-4AD8-B474-E9BD9864FEA4}.Debug|x64.ActiveCfg = Debug|Any CPU
		{70DD06C5-673F-4AD8-B474-E9BD9864FEA4}.Debug|x64.Build.0 = Debug|Any CPU
		{70DD06C5-673F-4AD8-B474-E9BD9864FEA4}.Debug|x86.ActiveCfg = Debug|Any CPU
		{70DD06C5-673F-4AD8-B474-E9BD9864FEA4}.Debug|x86.Build.0 = Debug|Any CPU
		{70DD06C5-673F-4AD8-B474-E9BD9864FEA4}.Release|Any CPU.ActiveCfg = Release|Any CPU
		{70DD06C5-673F-4AD8-B474-E9BD9864FEA4}.Release|Any CPU.Build.0 = Release|Any CPU
		{70DD06C5-673F-4AD8-B474-E9BD9864FEA4}.Release|x64.ActiveCfg = Release|Any CPU
		{70DD06C5-673F-4AD8-B474-E9BD9864FEA4}.Release|x64.Build.0 = Release|Any CPU
		{70DD06C5-673F-4AD8-B474-E9BD9864FEA4}.Release|x86.ActiveCfg = Release|Any CPU
		{70DD06C5-673F-4AD8-B474-E9BD9864FEA4}.Release|x86.Build.0 = Release|Any CPU
	EndGlobalSection
	GlobalSection(SolutionProperties) = preSolution
		HideSolutionNode = FALSE
	EndGlobalSection
	GlobalSection(ExtensibilityGlobals) = postSolution
		SolutionGuid = {4A5B0016-34FE-4042-A528-9ADBAFB50A84}
	EndGlobalSection
EndGlobal
