
Microsoft Visual Studio Solution File, Format Version 12.00
# Visual Studio 15
VisualStudioVersion = 15.0.27130.2027
MinimumVisualStudioVersion = 10.0.40219.1
Project("{9A19103F-16F7-4668-BE54-9A1E7A4F7556}") = "Spellthief", "Spellthief\Spellthief.csproj", "{8BCE436F-E67E-4833-9D4B-680DB8FB74B9}"
EndProject
Project("{8BC9CEB8-8B4A-11D0-8D11-00A0C91BC942}") = "Katarina", "Katarina\Katarina.vcxproj", "{E1682068-3B29-41D1-BCFD-5C162118633C}"
EndProject
Project("{9A19103F-16F7-4668-BE54-9A1E7A4F7556}") = "Hextech.LeagueClient", "Hextech.LeagueClient\Hextech.LeagueClient.csproj", "{6E1EAFF2-93D4-4C0B-849D-3D563C66A499}"
EndProject
Project("{9A19103F-16F7-4668-BE54-9A1E7A4F7556}") = "Hextech.LeagueClient.Test", "Hextech.LeagueClient.Test\Hextech.LeagueClient.Test.csproj", "{83DF18B8-12E7-4C3C-BE27-DAD98956CEEB}"
EndProject
Project("{8BC9CEB8-8B4A-11D0-8D11-00A0C91BC942}") = "KatarinaMini", "KatarinaMini\KatarinaMini.vcxproj", "{BD8286D5-924E-4852-8C03-15477A2B5099}"
EndProject
Project("{FAE04EC0-301F-11D3-BF4B-00C04F79EFBC}") = "KatarinaInjector", "KatarinaInjector\KatarinaInjector.csproj", "{168F5F8E-A39F-4B9C-8424-2E26826125FD}"
EndProject
Project("{2150E333-8FDC-42A3-9474-1A3956D46DE8}") = "Third Party", "Third Party", "{65A03E8B-1F06-4F88-85BE-D04F186E9164}"
EndProject
Project("{FAE04EC0-301F-11D3-BF4B-00C04F79EFBC}") = "JLibrary", "JLibrary\JLibrary.csproj", "{E8C4CA76-45CC-4054-BA75-E3817F4B35BC}"
EndProject
Project("{FAE04EC0-301F-11D3-BF4B-00C04F79EFBC}") = "KatarinaInjectorGUI", "KatarinaInjectorGUI\KatarinaInjectorGUI.csproj", "{6A3661AC-C937-48A2-AA42-ED2AE36B68BA}"
EndProject
Project("{FAE04EC0-301F-11D3-BF4B-00C04F79EFBC}") = "PassportPls", "PassportPls\PassportPls.csproj", "{3DB2FF5E-441E-4914-8A0E-6F12EBBA16D2}"
	ProjectSection(ProjectDependencies) = postProject
		{168F5F8E-A39F-4B9C-8424-2E26826125FD} = {168F5F8E-A39F-4B9C-8424-2E26826125FD}
		{BD8286D5-924E-4852-8C03-15477A2B5099} = {BD8286D5-924E-4852-8C03-15477A2B5099}
	EndProjectSection
EndProject
Project("{FAE04EC0-301F-11D3-BF4B-00C04F79EFBC}") = "Hextech", "Hextech\Hextech.csproj", "{F3D2C0F1-DC83-4000-968E-D2E702AA6D0F}"
	ProjectSection(ProjectDependencies) = postProject
		{168F5F8E-A39F-4B9C-8424-2E26826125FD} = {168F5F8E-A39F-4B9C-8424-2E26826125FD}
		{BD8286D5-924E-4852-8C03-15477A2B5099} = {BD8286D5-924E-4852-8C03-15477A2B5099}
	EndProjectSection
EndProject
Global
	GlobalSection(SolutionConfigurationPlatforms) = preSolution
		Debug|Any CPU = Debug|Any CPU
		Debug|ARM = Debug|ARM
		Debug|x64 = Debug|x64
		Debug|x86 = Debug|x86
		Release|Any CPU = Release|Any CPU
		Release|ARM = Release|ARM
		Release|x64 = Release|x64
		Release|x86 = Release|x86
	EndGlobalSection
	GlobalSection(ProjectConfigurationPlatforms) = postSolution
		{8BCE436F-E67E-4833-9D4B-680DB8FB74B9}.Debug|Any CPU.ActiveCfg = Debug|Any CPU
		{8BCE436F-E67E-4833-9D4B-680DB8FB74B9}.Debug|Any CPU.Build.0 = Debug|Any CPU
		{8BCE436F-E67E-4833-9D4B-680DB8FB74B9}.Debug|ARM.ActiveCfg = Debug|Any CPU
		{8BCE436F-E67E-4833-9D4B-680DB8FB74B9}.Debug|ARM.Build.0 = Debug|Any CPU
		{8BCE436F-E67E-4833-9D4B-680DB8FB74B9}.Debug|x64.ActiveCfg = Debug|Any CPU
		{8BCE436F-E67E-4833-9D4B-680DB8FB74B9}.Debug|x64.Build.0 = Debug|Any CPU
		{8BCE436F-E67E-4833-9D4B-680DB8FB74B9}.Debug|x86.ActiveCfg = Debug|Any CPU
		{8BCE436F-E67E-4833-9D4B-680DB8FB74B9}.Debug|x86.Build.0 = Debug|Any CPU
		{8BCE436F-E67E-4833-9D4B-680DB8FB74B9}.Release|Any CPU.ActiveCfg = Release|Any CPU
		{8BCE436F-E67E-4833-9D4B-680DB8FB74B9}.Release|Any CPU.Build.0 = Release|Any CPU
		{8BCE436F-E67E-4833-9D4B-680DB8FB74B9}.Release|ARM.ActiveCfg = Release|Any CPU
		{8BCE436F-E67E-4833-9D4B-680DB8FB74B9}.Release|ARM.Build.0 = Release|Any CPU
		{8BCE436F-E67E-4833-9D4B-680DB8FB74B9}.Release|x64.ActiveCfg = Release|Any CPU
		{8BCE436F-E67E-4833-9D4B-680DB8FB74B9}.Release|x64.Build.0 = Release|Any CPU
		{8BCE436F-E67E-4833-9D4B-680DB8FB74B9}.Release|x86.ActiveCfg = Release|Any CPU
		{8BCE436F-E67E-4833-9D4B-680DB8FB74B9}.Release|x86.Build.0 = Release|Any CPU
		{E1682068-3B29-41D1-BCFD-5C162118633C}.Debug|Any CPU.ActiveCfg = Debug|Win32
		{E1682068-3B29-41D1-BCFD-5C162118633C}.Debug|Any CPU.Build.0 = Debug|Win32
		{E1682068-3B29-41D1-BCFD-5C162118633C}.Debug|ARM.ActiveCfg = Debug|Win32
		{E1682068-3B29-41D1-BCFD-5C162118633C}.Debug|x64.ActiveCfg = Debug|Win32
		{E1682068-3B29-41D1-BCFD-5C162118633C}.Debug|x64.Build.0 = Debug|Win32
		{E1682068-3B29-41D1-BCFD-5C162118633C}.Debug|x86.ActiveCfg = Debug|Win32
		{E1682068-3B29-41D1-BCFD-5C162118633C}.Debug|x86.Build.0 = Debug|Win32
		{E1682068-3B29-41D1-BCFD-5C162118633C}.Release|Any CPU.ActiveCfg = Release|Win32
		{E1682068-3B29-41D1-BCFD-5C162118633C}.Release|Any CPU.Build.0 = Release|Win32
		{E1682068-3B29-41D1-BCFD-5C162118633C}.Release|ARM.ActiveCfg = Release|Win32
		{E1682068-3B29-41D1-BCFD-5C162118633C}.Release|x64.ActiveCfg = Release|Win32
		{E1682068-3B29-41D1-BCFD-5C162118633C}.Release|x64.Build.0 = Release|Win32
		{E1682068-3B29-41D1-BCFD-5C162118633C}.Release|x86.ActiveCfg = Release|Win32
		{E1682068-3B29-41D1-BCFD-5C162118633C}.Release|x86.Build.0 = Release|Win32
		{6E1EAFF2-93D4-4C0B-849D-3D563C66A499}.Debug|Any CPU.ActiveCfg = Debug|Any CPU
		{6E1EAFF2-93D4-4C0B-849D-3D563C66A499}.Debug|Any CPU.Build.0 = Debug|Any CPU
		{6E1EAFF2-93D4-4C0B-849D-3D563C66A499}.Debug|ARM.ActiveCfg = Debug|Any CPU
		{6E1EAFF2-93D4-4C0B-849D-3D563C66A499}.Debug|ARM.Build.0 = Debug|Any CPU
		{6E1EAFF2-93D4-4C0B-849D-3D563C66A499}.Debug|x64.ActiveCfg = Debug|Any CPU
		{6E1EAFF2-93D4-4C0B-849D-3D563C66A499}.Debug|x64.Build.0 = Debug|Any CPU
		{6E1EAFF2-93D4-4C0B-849D-3D563C66A499}.Debug|x86.ActiveCfg = Debug|Any CPU
		{6E1EAFF2-93D4-4C0B-849D-3D563C66A499}.Debug|x86.Build.0 = Debug|Any CPU
		{6E1EAFF2-93D4-4C0B-849D-3D563C66A499}.Release|Any CPU.ActiveCfg = Release|Any CPU
		{6E1EAFF2-93D4-4C0B-849D-3D563C66A499}.Release|Any CPU.Build.0 = Release|Any CPU
		{6E1EAFF2-93D4-4C0B-849D-3D563C66A499}.Release|ARM.ActiveCfg = Release|Any CPU
		{6E1EAFF2-93D4-4C0B-849D-3D563C66A499}.Release|ARM.Build.0 = Release|Any CPU
		{6E1EAFF2-93D4-4C0B-849D-3D563C66A499}.Release|x64.ActiveCfg = Release|Any CPU
		{6E1EAFF2-93D4-4C0B-849D-3D563C66A499}.Release|x64.Build.0 = Release|Any CPU
		{6E1EAFF2-93D4-4C0B-849D-3D563C66A499}.Release|x86.ActiveCfg = Release|Any CPU
		{6E1EAFF2-93D4-4C0B-849D-3D563C66A499}.Release|x86.Build.0 = Release|Any CPU
		{83DF18B8-12E7-4C3C-BE27-DAD98956CEEB}.Debug|Any CPU.ActiveCfg = Debug|Any CPU
		{83DF18B8-12E7-4C3C-BE27-DAD98956CEEB}.Debug|Any CPU.Build.0 = Debug|Any CPU
		{83DF18B8-12E7-4C3C-BE27-DAD98956CEEB}.Debug|ARM.ActiveCfg = Debug|Any CPU
		{83DF18B8-12E7-4C3C-BE27-DAD98956CEEB}.Debug|ARM.Build.0 = Debug|Any CPU
		{83DF18B8-12E7-4C3C-BE27-DAD98956CEEB}.Debug|x64.ActiveCfg = Debug|Any CPU
		{83DF18B8-12E7-4C3C-BE27-DAD98956CEEB}.Debug|x64.Build.0 = Debug|Any CPU
		{83DF18B8-12E7-4C3C-BE27-DAD98956CEEB}.Debug|x86.ActiveCfg = Debug|Any CPU
		{83DF18B8-12E7-4C3C-BE27-DAD98956CEEB}.Debug|x86.Build.0 = Debug|Any CPU
		{83DF18B8-12E7-4C3C-BE27-DAD98956CEEB}.Release|Any CPU.ActiveCfg = Release|Any CPU
		{83DF18B8-12E7-4C3C-BE27-DAD98956CEEB}.Release|Any CPU.Build.0 = Release|Any CPU
		{83DF18B8-12E7-4C3C-BE27-DAD98956CEEB}.Release|ARM.ActiveCfg = Release|Any CPU
		{83DF18B8-12E7-4C3C-BE27-DAD98956CEEB}.Release|ARM.Build.0 = Release|Any CPU
		{83DF18B8-12E7-4C3C-BE27-DAD98956CEEB}.Release|x64.ActiveCfg = Release|Any CPU
		{83DF18B8-12E7-4C3C-BE27-DAD98956CEEB}.Release|x64.Build.0 = Release|Any CPU
		{83DF18B8-12E7-4C3C-BE27-DAD98956CEEB}.Release|x86.ActiveCfg = Release|Any CPU
		{83DF18B8-12E7-4C3C-BE27-DAD98956CEEB}.Release|x86.Build.0 = Release|Any CPU
		{BD8286D5-924E-4852-8C03-15477A2B5099}.Debug|Any CPU.ActiveCfg = Debug|Win32
		{BD8286D5-924E-4852-8C03-15477A2B5099}.Debug|Any CPU.Build.0 = Debug|Win32
		{BD8286D5-924E-4852-8C03-15477A2B5099}.Debug|ARM.ActiveCfg = Debug|Win32
		{BD8286D5-924E-4852-8C03-15477A2B5099}.Debug|x64.ActiveCfg = Debug|Win32
		{BD8286D5-924E-4852-8C03-15477A2B5099}.Debug|x64.Build.0 = Debug|Win32
		{BD8286D5-924E-4852-8C03-15477A2B5099}.Debug|x86.ActiveCfg = Debug|Win32
		{BD8286D5-924E-4852-8C03-15477A2B5099}.Debug|x86.Build.0 = Debug|Win32
		{BD8286D5-924E-4852-8C03-15477A2B5099}.Release|Any CPU.ActiveCfg = Release|Win32
		{BD8286D5-924E-4852-8C03-15477A2B5099}.Release|ARM.ActiveCfg = Release|Win32
		{BD8286D5-924E-4852-8C03-15477A2B5099}.Release|x64.ActiveCfg = Release|Win32
		{BD8286D5-924E-4852-8C03-15477A2B5099}.Release|x86.ActiveCfg = Release|Win32
		{BD8286D5-924E-4852-8C03-15477A2B5099}.Release|x86.Build.0 = Release|Win32
		{168F5F8E-A39F-4B9C-8424-2E26826125FD}.Debug|Any CPU.ActiveCfg = Debug|Any CPU
		{168F5F8E-A39F-4B9C-8424-2E26826125FD}.Debug|Any CPU.Build.0 = Debug|Any CPU
		{168F5F8E-A39F-4B9C-8424-2E26826125FD}.Debug|ARM.ActiveCfg = Debug|Any CPU
		{168F5F8E-A39F-4B9C-8424-2E26826125FD}.Debug|ARM.Build.0 = Debug|Any CPU
		{168F5F8E-A39F-4B9C-8424-2E26826125FD}.Debug|x64.ActiveCfg = Debug|Any CPU
		{168F5F8E-A39F-4B9C-8424-2E26826125FD}.Debug|x64.Build.0 = Debug|Any CPU
		{168F5F8E-A39F-4B9C-8424-2E26826125FD}.Debug|x86.ActiveCfg = Debug|Any CPU
		{168F5F8E-A39F-4B9C-8424-2E26826125FD}.Debug|x86.Build.0 = Debug|Any CPU
		{168F5F8E-A39F-4B9C-8424-2E26826125FD}.Release|Any CPU.ActiveCfg = Release|Any CPU
		{168F5F8E-A39F-4B9C-8424-2E26826125FD}.Release|Any CPU.Build.0 = Release|Any CPU
		{168F5F8E-A39F-4B9C-8424-2E26826125FD}.Release|ARM.ActiveCfg = Release|Any CPU
		{168F5F8E-A39F-4B9C-8424-2E26826125FD}.Release|ARM.Build.0 = Release|Any CPU
		{168F5F8E-A39F-4B9C-8424-2E26826125FD}.Release|x64.ActiveCfg = Release|Any CPU
		{168F5F8E-A39F-4B9C-8424-2E26826125FD}.Release|x64.Build.0 = Release|Any CPU
		{168F5F8E-A39F-4B9C-8424-2E26826125FD}.Release|x86.ActiveCfg = Release|Any CPU
		{168F5F8E-A39F-4B9C-8424-2E26826125FD}.Release|x86.Build.0 = Release|Any CPU
		{E8C4CA76-45CC-4054-BA75-E3817F4B35BC}.Debug|Any CPU.ActiveCfg = Debug|Any CPU
		{E8C4CA76-45CC-4054-BA75-E3817F4B35BC}.Debug|Any CPU.Build.0 = Debug|Any CPU
		{E8C4CA76-45CC-4054-BA75-E3817F4B35BC}.Debug|ARM.ActiveCfg = Debug|Any CPU
		{E8C4CA76-45CC-4054-BA75-E3817F4B35BC}.Debug|ARM.Build.0 = Debug|Any CPU
		{E8C4CA76-45CC-4054-BA75-E3817F4B35BC}.Debug|x64.ActiveCfg = Debug|Any CPU
		{E8C4CA76-45CC-4054-BA75-E3817F4B35BC}.Debug|x64.Build.0 = Debug|Any CPU
		{E8C4CA76-45CC-4054-BA75-E3817F4B35BC}.Debug|x86.ActiveCfg = Debug|Any CPU
		{E8C4CA76-45CC-4054-BA75-E3817F4B35BC}.Debug|x86.Build.0 = Debug|Any CPU
		{E8C4CA76-45CC-4054-BA75-E3817F4B35BC}.Release|Any CPU.ActiveCfg = Release|Any CPU
		{E8C4CA76-45CC-4054-BA75-E3817F4B35BC}.Release|Any CPU.Build.0 = Release|Any CPU
		{E8C4CA76-45CC-4054-BA75-E3817F4B35BC}.Release|ARM.ActiveCfg = Release|Any CPU
		{E8C4CA76-45CC-4054-BA75-E3817F4B35BC}.Release|ARM.Build.0 = Release|Any CPU
		{E8C4CA76-45CC-4054-BA75-E3817F4B35BC}.Release|x64.ActiveCfg = Release|Any CPU
		{E8C4CA76-45CC-4054-BA75-E3817F4B35BC}.Release|x64.Build.0 = Release|Any CPU
		{E8C4CA76-45CC-4054-BA75-E3817F4B35BC}.Release|x86.ActiveCfg = Release|Any CPU
		{E8C4CA76-45CC-4054-BA75-E3817F4B35BC}.Release|x86.Build.0 = Release|Any CPU
		{6A3661AC-C937-48A2-AA42-ED2AE36B68BA}.Debug|Any CPU.ActiveCfg = Debug|Any CPU
		{6A3661AC-C937-48A2-AA42-ED2AE36B68BA}.Debug|Any CPU.Build.0 = Debug|Any CPU
		{6A3661AC-C937-48A2-AA42-ED2AE36B68BA}.Debug|ARM.ActiveCfg = Debug|Any CPU
		{6A3661AC-C937-48A2-AA42-ED2AE36B68BA}.Debug|ARM.Build.0 = Debug|Any CPU
		{6A3661AC-C937-48A2-AA42-ED2AE36B68BA}.Debug|x64.ActiveCfg = Debug|Any CPU
		{6A3661AC-C937-48A2-AA42-ED2AE36B68BA}.Debug|x64.Build.0 = Debug|Any CPU
		{6A3661AC-C937-48A2-AA42-ED2AE36B68BA}.Debug|x86.ActiveCfg = Debug|Any CPU
		{6A3661AC-C937-48A2-AA42-ED2AE36B68BA}.Debug|x86.Build.0 = Debug|Any CPU
		{6A3661AC-C937-48A2-AA42-ED2AE36B68BA}.Release|Any CPU.ActiveCfg = Release|Any CPU
		{6A3661AC-C937-48A2-AA42-ED2AE36B68BA}.Release|Any CPU.Build.0 = Release|Any CPU
		{6A3661AC-C937-48A2-AA42-ED2AE36B68BA}.Release|ARM.ActiveCfg = Release|Any CPU
		{6A3661AC-C937-48A2-AA42-ED2AE36B68BA}.Release|ARM.Build.0 = Release|Any CPU
		{6A3661AC-C937-48A2-AA42-ED2AE36B68BA}.Release|x64.ActiveCfg = Release|Any CPU
		{6A3661AC-C937-48A2-AA42-ED2AE36B68BA}.Release|x64.Build.0 = Release|Any CPU
		{6A3661AC-C937-48A2-AA42-ED2AE36B68BA}.Release|x86.ActiveCfg = Release|Any CPU
		{6A3661AC-C937-48A2-AA42-ED2AE36B68BA}.Release|x86.Build.0 = Release|Any CPU
		{3DB2FF5E-441E-4914-8A0E-6F12EBBA16D2}.Debug|Any CPU.ActiveCfg = Debug|Any CPU
		{3DB2FF5E-441E-4914-8A0E-6F12EBBA16D2}.Debug|Any CPU.Build.0 = Debug|Any CPU
		{3DB2FF5E-441E-4914-8A0E-6F12EBBA16D2}.Debug|ARM.ActiveCfg = Debug|Any CPU
		{3DB2FF5E-441E-4914-8A0E-6F12EBBA16D2}.Debug|ARM.Build.0 = Debug|Any CPU
		{3DB2FF5E-441E-4914-8A0E-6F12EBBA16D2}.Debug|x64.ActiveCfg = Debug|Any CPU
		{3DB2FF5E-441E-4914-8A0E-6F12EBBA16D2}.Debug|x64.Build.0 = Debug|Any CPU
		{3DB2FF5E-441E-4914-8A0E-6F12EBBA16D2}.Debug|x86.ActiveCfg = Debug|Any CPU
		{3DB2FF5E-441E-4914-8A0E-6F12EBBA16D2}.Debug|x86.Build.0 = Debug|Any CPU
		{3DB2FF5E-441E-4914-8A0E-6F12EBBA16D2}.Release|Any CPU.ActiveCfg = Release|Any CPU
		{3DB2FF5E-441E-4914-8A0E-6F12EBBA16D2}.Release|Any CPU.Build.0 = Release|Any CPU
		{3DB2FF5E-441E-4914-8A0E-6F12EBBA16D2}.Release|ARM.ActiveCfg = Release|Any CPU
		{3DB2FF5E-441E-4914-8A0E-6F12EBBA16D2}.Release|ARM.Build.0 = Release|Any CPU
		{3DB2FF5E-441E-4914-8A0E-6F12EBBA16D2}.Release|x64.ActiveCfg = Release|Any CPU
		{3DB2FF5E-441E-4914-8A0E-6F12EBBA16D2}.Release|x64.Build.0 = Release|Any CPU
		{3DB2FF5E-441E-4914-8A0E-6F12EBBA16D2}.Release|x86.ActiveCfg = Release|Any CPU
		{3DB2FF5E-441E-4914-8A0E-6F12EBBA16D2}.Release|x86.Build.0 = Release|Any CPU
		{F3D2C0F1-DC83-4000-968E-D2E702AA6D0F}.Debug|Any CPU.ActiveCfg = Debug|Any CPU
		{F3D2C0F1-DC83-4000-968E-D2E702AA6D0F}.Debug|Any CPU.Build.0 = Debug|Any CPU
		{F3D2C0F1-DC83-4000-968E-D2E702AA6D0F}.Debug|ARM.ActiveCfg = Debug|Any CPU
		{F3D2C0F1-DC83-4000-968E-D2E702AA6D0F}.Debug|ARM.Build.0 = Debug|Any CPU
		{F3D2C0F1-DC83-4000-968E-D2E702AA6D0F}.Debug|x64.ActiveCfg = Debug|Any CPU
		{F3D2C0F1-DC83-4000-968E-D2E702AA6D0F}.Debug|x64.Build.0 = Debug|Any CPU
		{F3D2C0F1-DC83-4000-968E-D2E702AA6D0F}.Debug|x86.ActiveCfg = Debug|Any CPU
		{F3D2C0F1-DC83-4000-968E-D2E702AA6D0F}.Debug|x86.Build.0 = Debug|Any CPU
		{F3D2C0F1-DC83-4000-968E-D2E702AA6D0F}.Release|Any CPU.ActiveCfg = Release|Any CPU
		{F3D2C0F1-DC83-4000-968E-D2E702AA6D0F}.Release|Any CPU.Build.0 = Release|Any CPU
		{F3D2C0F1-DC83-4000-968E-D2E702AA6D0F}.Release|ARM.ActiveCfg = Release|Any CPU
		{F3D2C0F1-DC83-4000-968E-D2E702AA6D0F}.Release|ARM.Build.0 = Release|Any CPU
		{F3D2C0F1-DC83-4000-968E-D2E702AA6D0F}.Release|x64.ActiveCfg = Release|Any CPU
		{F3D2C0F1-DC83-4000-968E-D2E702AA6D0F}.Release|x64.Build.0 = Release|Any CPU
		{F3D2C0F1-DC83-4000-968E-D2E702AA6D0F}.Release|x86.ActiveCfg = Release|Any CPU
		{F3D2C0F1-DC83-4000-968E-D2E702AA6D0F}.Release|x86.Build.0 = Release|Any CPU
	EndGlobalSection
	GlobalSection(SolutionProperties) = preSolution
		HideSolutionNode = FALSE
	EndGlobalSection
	GlobalSection(NestedProjects) = preSolution
		{E8C4CA76-45CC-4054-BA75-E3817F4B35BC} = {65A03E8B-1F06-4F88-85BE-D04F186E9164}
	EndGlobalSection
	GlobalSection(ExtensibilityGlobals) = postSolution
		SolutionGuid = {4A5B0016-34FE-4042-A528-9ADBAFB50A84}
	EndGlobalSection
EndGlobal
