<?xml version="1.0" encoding="utf-8"?>
<Project ToolsVersion="4.0" xmlns="http://schemas.microsoft.com/developer/msbuild/2003">
  <ItemGroup>
    <Filter Include="Source Files">
      <UniqueIdentifier>{4FC737F1-C7A5-4376-A066-2A32D752A2FF}</UniqueIdentifier>
      <Extensions>cpp;c;cc;cxx;def;odl;idl;hpj;bat;asm;asmx</Extensions>
    </Filter>
    <Filter Include="Header Files">
      <UniqueIdentifier>{93995380-89BD-4b04-88EB-625FBE52EBFB}</UniqueIdentifier>
      <Extensions>h;hh;hpp;hxx;hm;inl;inc;xsd</Extensions>
    </Filter>
    <Filter Include="Resource Files">
      <UniqueIdentifier>{67DA6AB6-F800-4c08-8B7A-83BB121AAD01}</UniqueIdentifier>
      <Extensions>rc;ico;cur;bmp;dlg;rc2;rct;bin;rgs;gif;jpg;jpeg;jpe;resx;tiff;tif;png;wav;mfcribbon-ms</Extensions>
    </Filter>
    <Filter Include="Source Files\External">
      <UniqueIdentifier>{d9cd0257-4b64-4f3c-a105-1fd8ea298aee}</UniqueIdentifier>
    </Filter>
    <Filter Include="Source Files\Lux">
      <UniqueIdentifier>{1aff28fb-3419-43c9-8faf-0890b3bafb4e}</UniqueIdentifier>
    </Filter>
    <Filter Include="Header Files\Type Defs">
      <UniqueIdentifier>{59f0f410-8146-46c7-824f-07b2363845e5}</UniqueIdentifier>
    </Filter>
    <Filter Include="Header Files\Lux">
      <UniqueIdentifier>{650052fb-19f1-4284-8c8d-995ecf315460}</UniqueIdentifier>
    </Filter>
  </ItemGroup>
  <ItemGroup>
    <ClCompile Include="src\dllmain.cpp">
      <Filter>Source Files</Filter>
    </ClCompile>
    <ClCompile Include="src\stdafx.cpp">
      <Filter>Source Files</Filter>
    </ClCompile>
    <ClCompile Include="src\jsoncpp.cpp">
      <Filter>Source Files\External</Filter>
    </ClCompile>
    <ClCompile Include="src\LeagueClient.cpp">
      <Filter>Source Files\Lux</Filter>
    </ClCompile>
    <ClCompile Include="src\LuxApp.cpp">
      <Filter>Source Files\Lux</Filter>
    </ClCompile>
  </ItemGroup>
  <ItemGroup>
    <ClInclude Include="include\stdafx.h">
      <Filter>Header Files</Filter>
    </ClInclude>
    <ClInclude Include="include\typedef\cef.h">
      <Filter>Header Files\Type Defs</Filter>
    </ClInclude>
    <ClInclude Include="include\typedef\curl.h">
      <Filter>Header Files\Type Defs</Filter>
    </ClInclude>
    <ClInclude Include="include\LeagueClient.h">
      <Filter>Header Files\Lux</Filter>
    </ClInclude>
    <ClInclude Include="include\LuxApp.h">
      <Filter>Header Files\Lux</Filter>
    </ClInclude>
    <ClInclude Include="include\LuxHook.h">
      <Filter>Header Files\Lux</Filter>
    </ClInclude>
    <ClInclude Include="include\LuxKeybind.h">
      <Filter>Header Files\Lux</Filter>
    </ClInclude>
    <ClInclude Include="include\typedef\openssl.h">
      <Filter>Header Files</Filter>
    </ClInclude>
  </ItemGroup>
</Project>